
Microsoft Visual Studio Solution File, Format Version 12.00
Project("{FAE04EC0-301F-11D3-BF4B-00C04F79EFBC}") = "PhotoGallery.Web", "PhotoGallery.Web\PhotoGallery.Web.csproj", "{87140454-C61B-452A-AEC7-1F4DD288F725}"
EndProject
Project("{FAE04EC0-301F-11D3-BF4B-00C04F79EFBC}") = "PhotoGallery", "PhotoGallery\PhotoGallery.csproj", "{85C6BB9F-BE6A-4F0F-962C-BB6FAA27F98E}"
EndProject
Project("{FAE04EC0-301F-11D3-BF4B-00C04F79EFBC}") = "PhotoGallery.Data", "PhotoGallery.Data\PhotoGallery.Data.csproj", "{DF54E445-8FC8-496C-B839-5919996E8239}"
EndProject
Project("{FAE04EC0-301F-11D3-BF4B-00C04F79EFBC}") = "PhotoGallery.App", "PhotoGallery.App\PhotoGallery.App.csproj", "{42B1CD4B-2760-4747-A56C-C6B97139A7DA}"
EndProject
Project("{FAE04EC0-301F-11D3-BF4B-00C04F79EFBC}") = "Data.Tests", "Data.Tests\Data.Tests.csproj", "{BFF2BB43-E65F-4D6B-822F-AE0309D779BA}"
EndProject
Project("{FAE04EC0-301F-11D3-BF4B-00C04F79EFBC}") = "App.Tests", "App.Tests\App.Tests.csproj", "{3196BC99-7A41-452E-8753-F9D4327EF7C7}"
EndProject
Project("{FAE04EC0-301F-11D3-BF4B-00C04F79EFBC}") = "Web.Tests", "Web.Tests\Web.Tests.csproj", "{9F221768-BB75-40CA-B1F0-48FBB0F18907}"
EndProject
Project("{2150E333-8FDC-42A3-9474-1A3956D46DE8}") = "src", "src", "{74AE14F3-BD93-4BC8-9AA1-4F86155B0BF6}"
EndProject
Project("{2150E333-8FDC-42A3-9474-1A3956D46DE8}") = "tests", "tests", "{35E2DAF5-E51A-4FFB-B3D4-A88DE59DBA33}"
EndProject
Global
	GlobalSection(SolutionConfigurationPlatforms) = preSolution
		Debug|Any CPU = Debug|Any CPU
		Release|Any CPU = Release|Any CPU
	EndGlobalSection
	GlobalSection(ProjectConfigurationPlatforms) = postSolution
		{87140454-C61B-452A-AEC7-1F4DD288F725}.Debug|Any CPU.ActiveCfg = Debug|Any CPU
		{87140454-C61B-452A-AEC7-1F4DD288F725}.Debug|Any CPU.Build.0 = Debug|Any CPU
		{87140454-C61B-452A-AEC7-1F4DD288F725}.Release|Any CPU.ActiveCfg = Release|Any CPU
		{87140454-C61B-452A-AEC7-1F4DD288F725}.Release|Any CPU.Build.0 = Release|Any CPU
		{85C6BB9F-BE6A-4F0F-962C-BB6FAA27F98E}.Debug|Any CPU.ActiveCfg = Debug|Any CPU
		{85C6BB9F-BE6A-4F0F-962C-BB6FAA27F98E}.Debug|Any CPU.Build.0 = Debug|Any CPU
		{85C6BB9F-BE6A-4F0F-962C-BB6FAA27F98E}.Release|Any CPU.ActiveCfg = Release|Any CPU
		{85C6BB9F-BE6A-4F0F-962C-BB6FAA27F98E}.Release|Any CPU.Build.0 = Release|Any CPU
		{DF54E445-8FC8-496C-B839-5919996E8239}.Debug|Any CPU.ActiveCfg = Debug|Any CPU
		{DF54E445-8FC8-496C-B839-5919996E8239}.Debug|Any CPU.Build.0 = Debug|Any CPU
		{DF54E445-8FC8-496C-B839-5919996E8239}.Release|Any CPU.ActiveCfg = Release|Any CPU
		{DF54E445-8FC8-496C-B839-5919996E8239}.Release|Any CPU.Build.0 = Release|Any CPU
		{42B1CD4B-2760-4747-A56C-C6B97139A7DA}.Debug|Any CPU.ActiveCfg = Debug|Any CPU
		{42B1CD4B-2760-4747-A56C-C6B97139A7DA}.Debug|Any CPU.Build.0 = Debug|Any CPU
		{42B1CD4B-2760-4747-A56C-C6B97139A7DA}.Release|Any CPU.ActiveCfg = Release|Any CPU
		{42B1CD4B-2760-4747-A56C-C6B97139A7DA}.Release|Any CPU.Build.0 = Release|Any CPU
		{BFF2BB43-E65F-4D6B-822F-AE0309D779BA}.Debug|Any CPU.ActiveCfg = Debug|Any CPU
		{BFF2BB43-E65F-4D6B-822F-AE0309D779BA}.Debug|Any CPU.Build.0 = Debug|Any CPU
		{BFF2BB43-E65F-4D6B-822F-AE0309D779BA}.Release|Any CPU.ActiveCfg = Release|Any CPU
		{BFF2BB43-E65F-4D6B-822F-AE0309D779BA}.Release|Any CPU.Build.0 = Release|Any CPU
		{3196BC99-7A41-452E-8753-F9D4327EF7C7}.Debug|Any CPU.ActiveCfg = Debug|Any CPU
		{3196BC99-7A41-452E-8753-F9D4327EF7C7}.Debug|Any CPU.Build.0 = Debug|Any CPU
		{3196BC99-7A41-452E-8753-F9D4327EF7C7}.Release|Any CPU.ActiveCfg = Release|Any CPU
		{3196BC99-7A41-452E-8753-F9D4327EF7C7}.Release|Any CPU.Build.0 = Release|Any CPU
		{9F221768-BB75-40CA-B1F0-48FBB0F18907}.Debug|Any CPU.ActiveCfg = Debug|Any CPU
		{9F221768-BB75-40CA-B1F0-48FBB0F18907}.Debug|Any CPU.Build.0 = Debug|Any CPU
		{9F221768-BB75-40CA-B1F0-48FBB0F18907}.Release|Any CPU.ActiveCfg = Release|Any CPU
		{9F221768-BB75-40CA-B1F0-48FBB0F18907}.Release|Any CPU.Build.0 = Release|Any CPU
	EndGlobalSection
	GlobalSection(NestedProjects) = preSolution
		{85C6BB9F-BE6A-4F0F-962C-BB6FAA27F98E} = {74AE14F3-BD93-4BC8-9AA1-4F86155B0BF6}
		{42B1CD4B-2760-4747-A56C-C6B97139A7DA} = {74AE14F3-BD93-4BC8-9AA1-4F86155B0BF6}
		{DF54E445-8FC8-496C-B839-5919996E8239} = {74AE14F3-BD93-4BC8-9AA1-4F86155B0BF6}
		{87140454-C61B-452A-AEC7-1F4DD288F725} = {74AE14F3-BD93-4BC8-9AA1-4F86155B0BF6}
		{9F221768-BB75-40CA-B1F0-48FBB0F18907} = {35E2DAF5-E51A-4FFB-B3D4-A88DE59DBA33}
		{BFF2BB43-E65F-4D6B-822F-AE0309D779BA} = {35E2DAF5-E51A-4FFB-B3D4-A88DE59DBA33}
		{3196BC99-7A41-452E-8753-F9D4327EF7C7} = {35E2DAF5-E51A-4FFB-B3D4-A88DE59DBA33}
	EndGlobalSection
EndGlobal
